
Microsoft Visual Studio Solution File, Format Version 12.00
# Visual Studio 2012
Project("{FAE04EC0-301F-11D3-BF4B-00C04F79EFBC}") = "weshop.portable", "weshop.portable\weshop.portable.csproj", "{0A151614-0EB7-446B-B7F1-7FEECF8CD904}"
EndProject
Project("{FAE04EC0-301F-11D3-BF4B-00C04F79EFBC}") = "weshop.droid", "weshop.droid\weshop.droid.csproj", "{936B5C6A-8D9F-46CC-8DA0-0E05917B4BE2}"
EndProject
Global
	GlobalSection(SolutionConfigurationPlatforms) = preSolution
		Debug|Any CPU = Debug|Any CPU
		Release|Any CPU = Release|Any CPU
	EndGlobalSection
	GlobalSection(ProjectConfigurationPlatforms) = postSolution
		{0A151614-0EB7-446B-B7F1-7FEECF8CD904}.Debug|Any CPU.ActiveCfg = Debug|Any CPU
		{0A151614-0EB7-446B-B7F1-7FEECF8CD904}.Debug|Any CPU.Build.0 = Debug|Any CPU
		{0A151614-0EB7-446B-B7F1-7FEECF8CD904}.Release|Any CPU.ActiveCfg = Release|Any CPU
		{0A151614-0EB7-446B-B7F1-7FEECF8CD904}.Release|Any CPU.Build.0 = Release|Any CPU
		{936B5C6A-8D9F-46CC-8DA0-0E05917B4BE2}.Debug|Any CPU.ActiveCfg = Debug|Any CPU
		{936B5C6A-8D9F-46CC-8DA0-0E05917B4BE2}.Debug|Any CPU.Build.0 = Debug|Any CPU
		{936B5C6A-8D9F-46CC-8DA0-0E05917B4BE2}.Release|Any CPU.ActiveCfg = Release|Any CPU
		{936B5C6A-8D9F-46CC-8DA0-0E05917B4BE2}.Release|Any CPU.Build.0 = Release|Any CPU
	EndGlobalSection
	GlobalSection(MonoDevelopProperties) = preSolution
		StartupItem = weshop.droid\weshop.droid.csproj
	EndGlobalSection
EndGlobal
